
Microsoft Visual Studio Solution File, Format Version 12.00
# Visual Studio 15
VisualStudioVersion = 15.0.28010.2019
MinimumVisualStudioVersion = 10.0.40219.1
Project("{FAE04EC0-301F-11D3-BF4B-00C04F79EFBC}") = "ArraySept10", "ArraySept10\ArraySept10.csproj", "{84756349-E476-4E6D-A2F1-BE31CBE7CD34}"
EndProject
Global
	GlobalSection(SolutionConfigurationPlatforms) = preSolution
		Debug|Any CPU = Debug|Any CPU
		Release|Any CPU = Release|Any CPU
	EndGlobalSection
	GlobalSection(ProjectConfigurationPlatforms) = postSolution
		{84756349-E476-4E6D-A2F1-BE31CBE7CD34}.Debug|Any CPU.ActiveCfg = Debug|Any CPU
		{84756349-E476-4E6D-A2F1-BE31CBE7CD34}.Debug|Any CPU.Build.0 = Debug|Any CPU
		{84756349-E476-4E6D-A2F1-BE31CBE7CD34}.Release|Any CPU.ActiveCfg = Release|Any CPU
		{84756349-E476-4E6D-A2F1-BE31CBE7CD34}.Release|Any CPU.Build.0 = Release|Any CPU
	EndGlobalSection
	GlobalSection(SolutionProperties) = preSolution
		HideSolutionNode = FALSE
	EndGlobalSection
	GlobalSection(ExtensibilityGlobals) = postSolution
		SolutionGuid = {35627653-39A8-422B-A4FC-A3257F2F9EDB}
	EndGlobalSection
EndGlobal
